<?xml version="1.0" encoding="utf-8"?>
<Project ToolsVersion="4.0" xmlns="http://schemas.microsoft.com/developer/msbuild/2003">
  <ItemGroup>
    <ClCompile Include="pch.cpp" />
    <ClCompile Include="MP4VertexStream.cpp" />
    <ClCompile Include="Foundation\ThreadPool.cpp">
      <Filter>Foundation</Filter>
    </ClCompile>
    <ClCompile Include="GraphicsDevice\GraphicsDeviceD3D11.cpp">
      <Filter>GraphicsDevice</Filter>
    </ClCompile>
    <ClCompile Include="GraphicsDevice\GraphicsDeviceOpenGL.cpp">
      <Filter>GraphicsDevice</Filter>
    </ClCompile>
    <ClCompile Include="GraphicsDevice\GraphicsDevice.cpp">
      <Filter>GraphicsDevice</Filter>
    </ClCompile>
    <ClCompile Include="GraphicsDevice\GraphicsDeviceD3D9.cpp">
      <Filter>GraphicsDevice</Filter>
    </ClCompile>
    <ClCompile Include="vsDecodeContext.cpp" />
    <ClCompile Include="vsEncodeContext.cpp" />
    <ClCompile Include="Encoder\MP4File.cpp">
      <Filter>Encoder</Filter>
    </ClCompile>
    <ClCompile Include="Encoder\MP4Muxer.cpp">
      <Filter>Encoder</Filter>
    </ClCompile>
    <ClCompile Include="Encoder\AACEncoder.cpp">
      <Filter>Encoder</Filter>
    </ClCompile>
    <ClCompile Include="Encoder\H264Encoder.cpp">
      <Filter>Encoder</Filter>
    </ClCompile>
  </ItemGroup>
  <ItemGroup>
    <ClInclude Include="pch.h" />
    <ClInclude Include="MP4VertexStream.h" />
    <ClInclude Include="Foundation\ThreadPool.h">
      <Filter>Foundation</Filter>
    </ClInclude>
    <ClInclude Include="Foundation\Foundation.h">
      <Filter>Foundation</Filter>
    </ClInclude>
    <ClInclude Include="GraphicsDevice\GraphicsDevice.h">
      <Filter>GraphicsDevice</Filter>
    </ClInclude>
    <ClInclude Include="vsEncodeContext.h" />
    <ClInclude Include="vsDecodeContext.h" />
    <ClInclude Include="Encoder\MP4File.h">
      <Filter>Encoder</Filter>
    </ClInclude>
    <ClInclude Include="Encoder\MP4Muxer.h">
      <Filter>Encoder</Filter>
    </ClInclude>
    <ClInclude Include="Encoder\AACEncoder.h">
      <Filter>Encoder</Filter>
    </ClInclude>
    <ClInclude Include="Encoder\H264Encoder.h">
      <Filter>Encoder</Filter>
    </ClInclude>
  </ItemGroup>
  <ItemGroup>
    <Filter Include="Encoder">
      <UniqueIdentifier>{48802eb2-d965-4472-acfa-f45fccdf33ac}</UniqueIdentifier>
    </Filter>
    <Filter Include="GraphicsDevice">
      <UniqueIdentifier>{0c2020a7-0595-4238-aea3-e674b7c56e7e}</UniqueIdentifier>
    </Filter>
    <Filter Include="Foundation">
      <UniqueIdentifier>{2058aa7e-4bef-4f7b-a683-323200204275}</UniqueIdentifier>
    </Filter>
  </ItemGroup>
</Project>