<?xml version="1.0" encoding="utf-8"?>
<Project ToolsVersion="4.0" xmlns="http://schemas.microsoft.com/developer/msbuild/2003">
  <ItemGroup>
    <ClCompile Include="fcThreadPool.cpp" />
    <ClCompile Include="pch.cpp" />
    <ClCompile Include="Encoder\fcH264Encoder.cpp">
      <Filter>Encoder</Filter>
    </ClCompile>
    <ClCompile Include="Encoder\fcMP4Muxer.cpp">
      <Filter>Encoder</Filter>
    </ClCompile>
    <ClCompile Include="Encoder\fcMP4File.cpp">
      <Filter>Encoder</Filter>
    </ClCompile>
    <ClCompile Include="Encoder\fcAACEncoder.cpp">
      <Filter>Encoder</Filter>
    </ClCompile>
    <ClCompile Include="GraphicsDevice\fcGraphicsDeviceD3D9.cpp">
      <Filter>GraphicsDevice</Filter>
    </ClCompile>
    <ClCompile Include="GraphicsDevice\fcGraphicsDeviceD3D11.cpp">
      <Filter>GraphicsDevice</Filter>
    </ClCompile>
    <ClCompile Include="GraphicsDevice\fcGraphicsDeviceOpenGL.cpp">
      <Filter>GraphicsDevice</Filter>
    </ClCompile>
    <ClCompile Include="GraphicsDevice\fcGraphicsDevice.cpp">
      <Filter>GraphicsDevice</Filter>
    </ClCompile>
    <ClCompile Include="MP4VertexStream.cpp" />
  </ItemGroup>
  <ItemGroup>
    <ClInclude Include="fcThreadPool.h" />
    <ClInclude Include="pch.h" />
    <ClInclude Include="fcFoundation.h" />
    <ClInclude Include="Encoder\fcH264Encoder.h">
      <Filter>Encoder</Filter>
    </ClInclude>
    <ClInclude Include="Encoder\fcMP4Muxer.h">
      <Filter>Encoder</Filter>
    </ClInclude>
    <ClInclude Include="Encoder\fcMP4File.h">
      <Filter>Encoder</Filter>
    </ClInclude>
    <ClInclude Include="Encoder\fcAACEncoder.h">
      <Filter>Encoder</Filter>
    </ClInclude>
    <ClInclude Include="GraphicsDevice\fcGraphicsDevice.h">
      <Filter>GraphicsDevice</Filter>
    </ClInclude>
    <ClInclude Include="MP4VertexStream.h" />
  </ItemGroup>
  <ItemGroup>
    <Filter Include="Encoder">
      <UniqueIdentifier>{48802eb2-d965-4472-acfa-f45fccdf33ac}</UniqueIdentifier>
    </Filter>
    <Filter Include="GraphicsDevice">
      <UniqueIdentifier>{0c2020a7-0595-4238-aea3-e674b7c56e7e}</UniqueIdentifier>
    </Filter>
  </ItemGroup>
</Project>